
Microsoft Visual Studio Solution File, Format Version 12.00
# Visual Studio 2013
VisualStudioVersion = 12.0.30501.0
MinimumVisualStudioVersion = 10.0.40219.1
Project("{FAE04EC0-301F-11D3-BF4B-00C04F79EFBC}") = "AvaliacaoDesenv", "AvaliacaoDesenv\AvaliacaoDesenv.csproj", "{DEECD9C8-4F4D-4CA1-8F64-9211B582B601}"
EndProject
Project("{FAE04EC0-301F-11D3-BF4B-00C04F79EFBC}") = "AD_Repositories", "AD_Repositories\AD_Repositories.csproj", "{A2342AE3-F553-4C3C-AE97-63C09ED62201}"
EndProject
Project("{FAE04EC0-301F-11D3-BF4B-00C04F79EFBC}") = "AD_BussinessEF", "AD_BussinessEF\AD_BussinessEF.csproj", "{1FC522E8-8581-42C7-80A5-B0EF04AFD977}"
EndProject
Project("{FAE04EC0-301F-11D3-BF4B-00C04F79EFBC}") = "AD_ContractRepos", "AD_ContractRepos\AD_ContractRepos.csproj", "{66F3D1C3-D0B5-4EB4-AE1E-FCF36137F23A}"
EndProject
Project("{FAE04EC0-301F-11D3-BF4B-00C04F79EFBC}") = "TestUnitAvalDesenv", "TestUnitAvalDesenv\TestUnitAvalDesenv.csproj", "{3B28A862-B0A0-4918-AE2C-52627FF0B7B5}"
EndProject
Global
	GlobalSection(SolutionConfigurationPlatforms) = preSolution
		Debug|Any CPU = Debug|Any CPU
		Release|Any CPU = Release|Any CPU
	EndGlobalSection
	GlobalSection(ProjectConfigurationPlatforms) = postSolution
		{DEECD9C8-4F4D-4CA1-8F64-9211B582B601}.Debug|Any CPU.ActiveCfg = Debug|Any CPU
		{DEECD9C8-4F4D-4CA1-8F64-9211B582B601}.Debug|Any CPU.Build.0 = Debug|Any CPU
		{DEECD9C8-4F4D-4CA1-8F64-9211B582B601}.Release|Any CPU.ActiveCfg = Release|Any CPU
		{DEECD9C8-4F4D-4CA1-8F64-9211B582B601}.Release|Any CPU.Build.0 = Release|Any CPU
		{A2342AE3-F553-4C3C-AE97-63C09ED62201}.Debug|Any CPU.ActiveCfg = Debug|Any CPU
		{A2342AE3-F553-4C3C-AE97-63C09ED62201}.Debug|Any CPU.Build.0 = Debug|Any CPU
		{A2342AE3-F553-4C3C-AE97-63C09ED62201}.Release|Any CPU.ActiveCfg = Release|Any CPU
		{A2342AE3-F553-4C3C-AE97-63C09ED62201}.Release|Any CPU.Build.0 = Release|Any CPU
		{1FC522E8-8581-42C7-80A5-B0EF04AFD977}.Debug|Any CPU.ActiveCfg = Debug|Any CPU
		{1FC522E8-8581-42C7-80A5-B0EF04AFD977}.Debug|Any CPU.Build.0 = Debug|Any CPU
		{1FC522E8-8581-42C7-80A5-B0EF04AFD977}.Release|Any CPU.ActiveCfg = Release|Any CPU
		{1FC522E8-8581-42C7-80A5-B0EF04AFD977}.Release|Any CPU.Build.0 = Release|Any CPU
		{66F3D1C3-D0B5-4EB4-AE1E-FCF36137F23A}.Debug|Any CPU.ActiveCfg = Debug|Any CPU
		{66F3D1C3-D0B5-4EB4-AE1E-FCF36137F23A}.Debug|Any CPU.Build.0 = Debug|Any CPU
		{66F3D1C3-D0B5-4EB4-AE1E-FCF36137F23A}.Release|Any CPU.ActiveCfg = Release|Any CPU
		{66F3D1C3-D0B5-4EB4-AE1E-FCF36137F23A}.Release|Any CPU.Build.0 = Release|Any CPU
		{3B28A862-B0A0-4918-AE2C-52627FF0B7B5}.Debug|Any CPU.ActiveCfg = Debug|Any CPU
		{3B28A862-B0A0-4918-AE2C-52627FF0B7B5}.Debug|Any CPU.Build.0 = Debug|Any CPU
		{3B28A862-B0A0-4918-AE2C-52627FF0B7B5}.Release|Any CPU.ActiveCfg = Release|Any CPU
		{3B28A862-B0A0-4918-AE2C-52627FF0B7B5}.Release|Any CPU.Build.0 = Release|Any CPU
	EndGlobalSection
	GlobalSection(SolutionProperties) = preSolution
		HideSolutionNode = FALSE
	EndGlobalSection
EndGlobal
